# This file is @generated by PDM.
# It is not intended for manual editing.

[metadata]
groups = ["default"]
strategy = ["inherit_metadata"]
lock_version = "4.5.0"
content_hash = "sha256:75fe544556b21333ac8aaadcd8cabb917b2f794b9ec6536f1cab35faf7001a7a"

[[metadata.targets]]
requires_python = ">=3.12"

[[package]]
name = "appdirs"
version = "1.4.4"
summary = "A small Python module for determining appropriate platform-specific dirs, e.g. a \"user data dir\"."
groups = ["default"]
files = [
    {file = "appdirs-1.4.4-py2.py3-none-any.whl", hash = "sha256:a841dacd6b99318a741b166adb07e19ee71a274450e68237b4650ca1055ab128"},
    {file = "appdirs-1.4.4.tar.gz", hash = "sha256:7d5d0167b2b1ba821647616af46a749d1c653740dd0d2415100fe26e27afdf41"},
]

[[package]]
name = "pyqt5"
version = "5.15.11"
requires_python = ">=3.8"
summary = "Python bindings for the Qt cross platform application toolkit"
groups = ["default"]
dependencies = [
    "PyQt5-Qt5<5.16.0,>=5.15.2",
    "PyQt5-sip<13,>=12.15",
]
files = [
    {file = "PyQt5-5.15.11-cp38-abi3-macosx_11_0_arm64.whl", hash = "sha256:c8b03dd9380bb13c804f0bdb0f4956067f281785b5e12303d529f0462f9afdc2"},
    {file = "PyQt5-5.15.11-cp38-abi3-macosx_11_0_x86_64.whl", hash = "sha256:6cd75628f6e732b1ffcfe709ab833a0716c0445d7aec8046a48d5843352becb6"},
    {file = "PyQt5-5.15.11-cp38-abi3-manylinux_2_17_x86_64.whl", hash = "sha256:cd672a6738d1ae33ef7d9efa8e6cb0a1525ecf53ec86da80a9e1b6ec38c8d0f1"},
    {file = "PyQt5-5.15.11-cp38-abi3-win32.whl", hash = "sha256:76be0322ceda5deecd1708a8d628e698089a1cea80d1a49d242a6d579a40babd"},
    {file = "PyQt5-5.15.11-cp38-abi3-win_amd64.whl", hash = "sha256:bdde598a3bb95022131a5c9ea62e0a96bd6fb28932cc1619fd7ba211531b7517"},
    {file = "PyQt5-5.15.11.tar.gz", hash = "sha256:fda45743ebb4a27b4b1a51c6d8ef455c4c1b5d610c90d2934c7802b5c1557c52"},
]

[[package]]
name = "pyqt5-qt5"
version = "5.15.14"
summary = "The subset of a Qt installation needed by PyQt5."
groups = ["default"]
files = [
    {file = "PyQt5_Qt5-5.15.14-py3-none-macosx_10_13_x86_64.whl", hash = "sha256:c89b35b2aaf24d2805cc76fe31880c77b7f7557db8aafb26f1015f1bba7031d6"},
    {file = "PyQt5_Qt5-5.15.14-py3-none-macosx_11_0_arm64.whl", hash = "sha256:730da7e6a97f6bad1b6df21082fe625647730418bc83e20cbc2ff6401ed0a8be"},
    {file = "PyQt5_Qt5-5.15.14-py3-none-manylinux2014_x86_64.whl", hash = "sha256:aa3911276b1a1aa9b5b9cba687ef905faddd706980d34e234312591c3d3cbef8"},
]

[[package]]
name = "pyqt5-sip"
version = "12.15.0"
requires_python = ">=3.8"
summary = "The sip module support for PyQt5"
groups = ["default"]
files = [
    {file = "PyQt5_sip-12.15.0-cp312-cp312-macosx_10_9_universal2.whl", hash = "sha256:852b75cf208825602480e95ab63314108f872d0da251e9ad3deaaff5a183a6f5"},
    {file = "PyQt5_sip-12.15.0-cp312-cp312-manylinux_2_5_x86_64.manylinux1_x86_64.whl", hash = "sha256:0cd21c3215e3c47fdd5fa7a2dc3dd1e07a7230b0626e905a7217925068c788b9"},
    {file = "PyQt5_sip-12.15.0-cp312-cp312-win32.whl", hash = "sha256:b58eeedc9b2a3037b136bf96915196c391a33be470ed1c0723d7163ef0b727a2"},
    {file = "PyQt5_sip-12.15.0-cp312-cp312-win_amd64.whl", hash = "sha256:24a1d4937332bf0a38dd95bb2ce4d89723df449f6e912b52ef0e107e11fefac1"},
    {file = "PyQt5_sip-12.15.0.tar.gz", hash = "sha256:d23fdfcf363b5cedd9d39f8a9c5710e7d52804f5b08a58e91c638b36eafcb702"},
]
