# This file is @generated by PDM.
# It is not intended for manual editing.

[metadata]
groups = ["default"]
strategy = ["inherit_metadata"]
lock_version = "4.5.0"
content_hash = "sha256:718489791e3f5409b49e0294108a2d800c47774a4f3a5652fdc4429b1a25ff10"

[[metadata.targets]]
requires_python = ">=3.12"

[[package]]
name = "appdirs"
version = "1.4.4"
summary = "A small Python module for determining appropriate platform-specific dirs, e.g. a \"user data dir\"."
groups = ["default"]
files = [
    {file = "appdirs-1.4.4-py2.py3-none-any.whl", hash = "sha256:a841dacd6b99318a741b166adb07e19ee71a274450e68237b4650ca1055ab128"},
    {file = "appdirs-1.4.4.tar.gz", hash = "sha256:7d5d0167b2b1ba821647616af46a749d1c653740dd0d2415100fe26e27afdf41"},
]

[[package]]
name = "pyqt5-qt5"
version = "5.15.2"
summary = "The subset of a Qt installation needed by PyQt5."
groups = ["default"]
files = [
    {file = "PyQt5_Qt5-5.15.2-py3-none-macosx_10_13_intel.whl", hash = "sha256:76980cd3d7ae87e3c7a33bfebfaee84448fd650bad6840471d6cae199b56e154"},
    {file = "PyQt5_Qt5-5.15.2-py3-none-manylinux2014_x86_64.whl", hash = "sha256:1988f364ec8caf87a6ee5d5a3a5210d57539988bf8e84714c7d60972692e2f4a"},
    {file = "PyQt5_Qt5-5.15.2-py3-none-win32.whl", hash = "sha256:9cc7a768b1921f4b982ebc00a318ccb38578e44e45316c7a4a850e953e1dd327"},
    {file = "PyQt5_Qt5-5.15.2-py3-none-win_amd64.whl", hash = "sha256:750b78e4dba6bdf1607febedc08738e318ea09e9b10aea9ff0d73073f11f6962"},
]

[[package]]
name = "pyqt5-sip"
version = "12.15.0"
requires_python = ">=3.8"
summary = "The sip module support for PyQt5"
groups = ["default"]
files = [
    {file = "PyQt5_sip-12.15.0-cp312-cp312-macosx_10_9_universal2.whl", hash = "sha256:852b75cf208825602480e95ab63314108f872d0da251e9ad3deaaff5a183a6f5"},
    {file = "PyQt5_sip-12.15.0-cp312-cp312-manylinux_2_5_x86_64.manylinux1_x86_64.whl", hash = "sha256:0cd21c3215e3c47fdd5fa7a2dc3dd1e07a7230b0626e905a7217925068c788b9"},
    {file = "PyQt5_sip-12.15.0-cp312-cp312-win32.whl", hash = "sha256:b58eeedc9b2a3037b136bf96915196c391a33be470ed1c0723d7163ef0b727a2"},
    {file = "PyQt5_sip-12.15.0-cp312-cp312-win_amd64.whl", hash = "sha256:24a1d4937332bf0a38dd95bb2ce4d89723df449f6e912b52ef0e107e11fefac1"},
    {file = "PyQt5_sip-12.15.0.tar.gz", hash = "sha256:d23fdfcf363b5cedd9d39f8a9c5710e7d52804f5b08a58e91c638b36eafcb702"},
]
